// !$*UTF8*$!
{
	archiveVersion = 1;
	classes = {
	};
	objectVersion = 55;
	objects = {

/* Begin PBXBuildFile section */
		247AC7842722669100E74CE3 /* NewsMatchGame.swift in Sources */ = {isa = PBXBuildFile; fileRef = 247AC7832722669100E74CE3 /* NewsMatchGame.swift */; };
		247AC786272308AE00E74CE3 /* News.swift in Sources */ = {isa = PBXBuildFile; fileRef = 247AC785272308AE00E74CE3 /* News.swift */; };
		247AC7882723099400E74CE3 /* NewsDataBase.swift in Sources */ = {isa = PBXBuildFile; fileRef = 247AC7872723099400E74CE3 /* NewsDataBase.swift */; };
		24810A7A272AF734005C9C6C /* NewsCardView.swift in Sources */ = {isa = PBXBuildFile; fileRef = 24810A79272AF734005C9C6C /* NewsCardView.swift */; };
		24810A7C272AF73F005C9C6C /* NewsTypeCardView.swift in Sources */ = {isa = PBXBuildFile; fileRef = 24810A7B272AF73F005C9C6C /* NewsTypeCardView.swift */; };
		24B02829271F071700B0B1BC /* InfoMatchApp.swift in Sources */ = {isa = PBXBuildFile; fileRef = 24B02828271F071700B0B1BC /* InfoMatchApp.swift */; };
		24B0282B271F071700B0B1BC /* ContentView.swift in Sources */ = {isa = PBXBuildFile; fileRef = 24B0282A271F071700B0B1BC /* ContentView.swift */; };
		24B0282D271F071A00B0B1BC /* Assets.xcassets in Resources */ = {isa = PBXBuildFile; fileRef = 24B0282C271F071A00B0B1BC /* Assets.xcassets */; };
		24B02830271F071A00B0B1BC /* Preview Assets.xcassets in Resources */ = {isa = PBXBuildFile; fileRef = 24B0282F271F071A00B0B1BC /* Preview Assets.xcassets */; };
		24BF9CFD27208F17009E7687 /* MatchGame.swift in Sources */ = {isa = PBXBuildFile; fileRef = 24BF9CFC27208F17009E7687 /* MatchGame.swift */; };
		24BF9CFF272097EF009E7687 /* NewsType.swift in Sources */ = {isa = PBXBuildFile; fileRef = 24BF9CFE272097EF009E7687 /* NewsType.swift */; };
		24D46D16273D90F800EB51C8 /* OnboardingGradientView.swift in Sources */ = {isa = PBXBuildFile; fileRef = 24D46D15273D90F800EB51C8 /* OnboardingGradientView.swift */; };
		24D46D18273DA1AD00EB51C8 /* PagesData.swift in Sources */ = {isa = PBXBuildFile; fileRef = 24D46D17273DA1AD00EB51C8 /* PagesData.swift */; };
		24D46D1C273DA6B300EB51C8 /* OnboardingView.swift in Sources */ = {isa = PBXBuildFile; fileRef = 24D46D1B273DA6B300EB51C8 /* OnboardingView.swift */; };
		24D46D1E273DA8B300EB51C8 /* PageTabView.swift in Sources */ = {isa = PBXBuildFile; fileRef = 24D46D1D273DA8B300EB51C8 /* PageTabView.swift */; };
		24D46D20273DA9A400EB51C8 /* TabDetailsView.swift in Sources */ = {isa = PBXBuildFile; fileRef = 24D46D1F273DA9A400EB51C8 /* TabDetailsView.swift */; };
		24D46D24273DB54A00EB51C8 /* StartButtonView.swift in Sources */ = {isa = PBXBuildFile; fileRef = 24D46D23273DB54A00EB51C8 /* StartButtonView.swift */; };
		24D46D29273EADCD00EB51C8 /* Gradient.swift in Sources */ = {isa = PBXBuildFile; fileRef = 24D46D28273EADCD00EB51C8 /* Gradient.swift */; };
		24FFA7732734312400FEF448 /* TopCarouselView.swift in Sources */ = {isa = PBXBuildFile; fileRef = 24FFA7722734312400FEF448 /* TopCarouselView.swift */; };
		24FFA7752734333800FEF448 /* NewsImages.swift in Sources */ = {isa = PBXBuildFile; fileRef = 24FFA7742734333800FEF448 /* NewsImages.swift */; };
/* End PBXBuildFile section */

/* Begin PBXFileReference section */
		247AC7832722669100E74CE3 /* NewsMatchGame.swift */ = {isa = PBXFileReference; lastKnownFileType = sourcecode.swift; path = NewsMatchGame.swift; sourceTree = "<group>"; };
		247AC785272308AE00E74CE3 /* News.swift */ = {isa = PBXFileReference; lastKnownFileType = sourcecode.swift; path = News.swift; sourceTree = "<group>"; };
		247AC7872723099400E74CE3 /* NewsDataBase.swift */ = {isa = PBXFileReference; lastKnownFileType = sourcecode.swift; path = NewsDataBase.swift; sourceTree = "<group>"; };
		24810A79272AF734005C9C6C /* NewsCardView.swift */ = {isa = PBXFileReference; lastKnownFileType = sourcecode.swift; path = NewsCardView.swift; sourceTree = "<group>"; };
		24810A7B272AF73F005C9C6C /* NewsTypeCardView.swift */ = {isa = PBXFileReference; lastKnownFileType = sourcecode.swift; path = NewsTypeCardView.swift; sourceTree = "<group>"; };
		24B02825271F071700B0B1BC /* InfoMatch.app */ = {isa = PBXFileReference; explicitFileType = wrapper.application; includeInIndex = 0; path = InfoMatch.app; sourceTree = BUILT_PRODUCTS_DIR; };
		24B02828271F071700B0B1BC /* InfoMatchApp.swift */ = {isa = PBXFileReference; lastKnownFileType = sourcecode.swift; path = InfoMatchApp.swift; sourceTree = "<group>"; };
		24B0282A271F071700B0B1BC /* ContentView.swift */ = {isa = PBXFileReference; lastKnownFileType = sourcecode.swift; path = ContentView.swift; sourceTree = "<group>"; };
		24B0282C271F071A00B0B1BC /* Assets.xcassets */ = {isa = PBXFileReference; lastKnownFileType = folder.assetcatalog; path = Assets.xcassets; sourceTree = "<group>"; };
		24B0282F271F071A00B0B1BC /* Preview Assets.xcassets */ = {isa = PBXFileReference; lastKnownFileType = folder.assetcatalog; path = "Preview Assets.xcassets"; sourceTree = "<group>"; };
		24BF9CFC27208F17009E7687 /* MatchGame.swift */ = {isa = PBXFileReference; lastKnownFileType = sourcecode.swift; path = MatchGame.swift; sourceTree = "<group>"; };
		24BF9CFE272097EF009E7687 /* NewsType.swift */ = {isa = PBXFileReference; lastKnownFileType = sourcecode.swift; path = NewsType.swift; sourceTree = "<group>"; };
		24D46D15273D90F800EB51C8 /* OnboardingGradientView.swift */ = {isa = PBXFileReference; lastKnownFileType = sourcecode.swift; path = OnboardingGradientView.swift; sourceTree = "<group>"; };
		24D46D17273DA1AD00EB51C8 /* PagesData.swift */ = {isa = PBXFileReference; lastKnownFileType = sourcecode.swift; path = PagesData.swift; sourceTree = "<group>"; };
		24D46D1B273DA6B300EB51C8 /* OnboardingView.swift */ = {isa = PBXFileReference; lastKnownFileType = sourcecode.swift; path = OnboardingView.swift; sourceTree = "<group>"; };
		24D46D1D273DA8B300EB51C8 /* PageTabView.swift */ = {isa = PBXFileReference; lastKnownFileType = sourcecode.swift; path = PageTabView.swift; sourceTree = "<group>"; };
		24D46D1F273DA9A400EB51C8 /* TabDetailsView.swift */ = {isa = PBXFileReference; lastKnownFileType = sourcecode.swift; path = TabDetailsView.swift; sourceTree = "<group>"; };
		24D46D23273DB54A00EB51C8 /* StartButtonView.swift */ = {isa = PBXFileReference; lastKnownFileType = sourcecode.swift; path = StartButtonView.swift; sourceTree = "<group>"; };
		24D46D28273EADCD00EB51C8 /* Gradient.swift */ = {isa = PBXFileReference; lastKnownFileType = sourcecode.swift; path = Gradient.swift; sourceTree = "<group>"; };
		24FFA7722734312400FEF448 /* TopCarouselView.swift */ = {isa = PBXFileReference; lastKnownFileType = sourcecode.swift; path = TopCarouselView.swift; sourceTree = "<group>"; };
		24FFA7742734333800FEF448 /* NewsImages.swift */ = {isa = PBXFileReference; lastKnownFileType = sourcecode.swift; path = NewsImages.swift; sourceTree = "<group>"; };
/* End PBXFileReference section */

/* Begin PBXFrameworksBuildPhase section */
		24B02822271F071700B0B1BC /* Frameworks */ = {
			isa = PBXFrameworksBuildPhase;
			buildActionMask = 2147483647;
			files = (
			);
			runOnlyForDeploymentPostprocessing = 0;
		};
/* End PBXFrameworksBuildPhase section */

/* Begin PBXGroup section */
		24810A7D272AF8F5005C9C6C /* Data */ = {
			isa = PBXGroup;
			children = (
				247AC7872723099400E74CE3 /* NewsDataBase.swift */,
				24FFA7742734333800FEF448 /* NewsImages.swift */,
			);
			path = Data;
			sourceTree = "<group>";
		};
		24B0281C271F071700B0B1BC = {
			isa = PBXGroup;
			children = (
				24B02827271F071700B0B1BC /* InfoMatch */,
				24B02826271F071700B0B1BC /* Products */,
			);
			sourceTree = "<group>";
		};
		24B02826271F071700B0B1BC /* Products */ = {
			isa = PBXGroup;
			children = (
				24B02825271F071700B0B1BC /* InfoMatch.app */,
			);
			name = Products;
			sourceTree = "<group>";
		};
		24B02827271F071700B0B1BC /* InfoMatch */ = {
			isa = PBXGroup;
			children = (
				24D46D27273EADBA00EB51C8 /* Utilities */,
				24D46D13273D90A900EB51C8 /* Scenes */,
				24810A7D272AF8F5005C9C6C /* Data */,
				24BF9CF927208EDB009E7687 /* Model */,
				24BF9CFA27208EE8009E7687 /* View */,
				24BF9CFB27208EF0009E7687 /* ViewModel */,
				24B02828271F071700B0B1BC /* InfoMatchApp.swift */,
				24B0282C271F071A00B0B1BC /* Assets.xcassets */,
				24B0282E271F071A00B0B1BC /* Preview Content */,
			);
			path = InfoMatch;
			sourceTree = "<group>";
		};
		24B0282E271F071A00B0B1BC /* Preview Content */ = {
			isa = PBXGroup;
			children = (
				24B0282F271F071A00B0B1BC /* Preview Assets.xcassets */,
			);
			path = "Preview Content";
			sourceTree = "<group>";
		};
		24BF9CF927208EDB009E7687 /* Model */ = {
			isa = PBXGroup;
			children = (
				24BF9CFC27208F17009E7687 /* MatchGame.swift */,
				24BF9CFE272097EF009E7687 /* NewsType.swift */,
				247AC785272308AE00E74CE3 /* News.swift */,
			);
			path = Model;
			sourceTree = "<group>";
		};
		24BF9CFA27208EE8009E7687 /* View */ = {
			isa = PBXGroup;
			children = (
				24B0282A271F071700B0B1BC /* ContentView.swift */,
				24810A79272AF734005C9C6C /* NewsCardView.swift */,
				24810A7B272AF73F005C9C6C /* NewsTypeCardView.swift */,
				24FFA7722734312400FEF448 /* TopCarouselView.swift */,
			);
			path = View;
			sourceTree = "<group>";
		};
		24BF9CFB27208EF0009E7687 /* ViewModel */ = {
			isa = PBXGroup;
			children = (
				247AC7832722669100E74CE3 /* NewsMatchGame.swift */,
			);
			path = ViewModel;
			sourceTree = "<group>";
		};
		24D46D13273D90A900EB51C8 /* Scenes */ = {
			isa = PBXGroup;
			children = (
				24D46D25273EAD7900EB51C8 /* NewsMatchGameMenu */,
				24D46D14273D90B700EB51C8 /* Onboarding */,
			);
			path = Scenes;
			sourceTree = "<group>";
		};
		24D46D14273D90B700EB51C8 /* Onboarding */ = {
			isa = PBXGroup;
			children = (
				24D46D15273D90F800EB51C8 /* OnboardingGradientView.swift */,
				24D46D17273DA1AD00EB51C8 /* PagesData.swift */,
				24D46D1B273DA6B300EB51C8 /* OnboardingView.swift */,
				24D46D1D273DA8B300EB51C8 /* PageTabView.swift */,
				24D46D1F273DA9A400EB51C8 /* TabDetailsView.swift */,
				24D46D23273DB54A00EB51C8 /* StartButtonView.swift */,
			);
			path = Onboarding;
			sourceTree = "<group>";
		};
		24D46D25273EAD7900EB51C8 /* NewsMatchGameMenu */ = {
			isa = PBXGroup;
			children = (
			);
			path = NewsMatchGameMenu;
			sourceTree = "<group>";
		};
		24D46D27273EADBA00EB51C8 /* Utilities */ = {
			isa = PBXGroup;
			children = (
				24D46D28273EADCD00EB51C8 /* Gradient.swift */,
			);
			path = Utilities;
			sourceTree = "<group>";
		};
/* End PBXGroup section */

/* Begin PBXNativeTarget section */
		24B02824271F071700B0B1BC /* InfoMatch */ = {
			isa = PBXNativeTarget;
			buildConfigurationList = 24B02833271F071A00B0B1BC /* Build configuration list for PBXNativeTarget "InfoMatch" */;
			buildPhases = (
				24B02821271F071700B0B1BC /* Sources */,
				24B02822271F071700B0B1BC /* Frameworks */,
				24B02823271F071700B0B1BC /* Resources */,
			);
			buildRules = (
			);
			dependencies = (
			);
			name = InfoMatch;
			productName = InfoMatch;
			productReference = 24B02825271F071700B0B1BC /* InfoMatch.app */;
			productType = "com.apple.product-type.application";
		};
/* End PBXNativeTarget section */

/* Begin PBXProject section */
		24B0281D271F071700B0B1BC /* Project object */ = {
			isa = PBXProject;
			attributes = {
				BuildIndependentTargetsInParallel = 1;
				LastSwiftUpdateCheck = 1300;
				LastUpgradeCheck = 1300;
				TargetAttributes = {
					24B02824271F071700B0B1BC = {
						CreatedOnToolsVersion = 13.0;
					};
				};
			};
			buildConfigurationList = 24B02820271F071700B0B1BC /* Build configuration list for PBXProject "InfoMatch" */;
			compatibilityVersion = "Xcode 13.0";
			developmentRegion = en;
			hasScannedForEncodings = 0;
			knownRegions = (
				en,
				Base,
			);
			mainGroup = 24B0281C271F071700B0B1BC;
			productRefGroup = 24B02826271F071700B0B1BC /* Products */;
			projectDirPath = "";
			projectRoot = "";
			targets = (
				24B02824271F071700B0B1BC /* InfoMatch */,
			);
		};
/* End PBXProject section */

/* Begin PBXResourcesBuildPhase section */
		24B02823271F071700B0B1BC /* Resources */ = {
			isa = PBXResourcesBuildPhase;
			buildActionMask = 2147483647;
			files = (
				24B02830271F071A00B0B1BC /* Preview Assets.xcassets in Resources */,
				24B0282D271F071A00B0B1BC /* Assets.xcassets in Resources */,
			);
			runOnlyForDeploymentPostprocessing = 0;
		};
/* End PBXResourcesBuildPhase section */

/* Begin PBXSourcesBuildPhase section */
		24B02821271F071700B0B1BC /* Sources */ = {
			isa = PBXSourcesBuildPhase;
			buildActionMask = 2147483647;
			files = (
				247AC786272308AE00E74CE3 /* News.swift in Sources */,
				247AC7882723099400E74CE3 /* NewsDataBase.swift in Sources */,
				24D46D1E273DA8B300EB51C8 /* PageTabView.swift in Sources */,
				24810A7C272AF73F005C9C6C /* NewsTypeCardView.swift in Sources */,
				24B0282B271F071700B0B1BC /* ContentView.swift in Sources */,
				24FFA7732734312400FEF448 /* TopCarouselView.swift in Sources */,
				24D46D24273DB54A00EB51C8 /* StartButtonView.swift in Sources */,
				24BF9CFF272097EF009E7687 /* NewsType.swift in Sources */,
				24D46D20273DA9A400EB51C8 /* TabDetailsView.swift in Sources */,
				24B02829271F071700B0B1BC /* InfoMatchApp.swift in Sources */,
				247AC7842722669100E74CE3 /* NewsMatchGame.swift in Sources */,
				24D46D29273EADCD00EB51C8 /* Gradient.swift in Sources */,
				24BF9CFD27208F17009E7687 /* MatchGame.swift in Sources */,
				24D46D16273D90F800EB51C8 /* OnboardingGradientView.swift in Sources */,
				24D46D18273DA1AD00EB51C8 /* PagesData.swift in Sources */,
				24FFA7752734333800FEF448 /* NewsImages.swift in Sources */,
				24810A7A272AF734005C9C6C /* NewsCardView.swift in Sources */,
				24D46D1C273DA6B300EB51C8 /* OnboardingView.swift in Sources */,
			);
			runOnlyForDeploymentPostprocessing = 0;
		};
/* End PBXSourcesBuildPhase section */

/* Begin XCBuildConfiguration section */
		24B02831271F071A00B0B1BC /* Debug */ = {
			isa = XCBuildConfiguration;
			buildSettings = {
				ALWAYS_SEARCH_USER_PATHS = NO;
				CLANG_ANALYZER_NONNULL = YES;
				CLANG_ANALYZER_NUMBER_OBJECT_CONVERSION = YES_AGGRESSIVE;
				CLANG_CXX_LANGUAGE_STANDARD = "gnu++17";
				CLANG_CXX_LIBRARY = "libc++";
				CLANG_ENABLE_MODULES = YES;
				CLANG_ENABLE_OBJC_ARC = YES;
				CLANG_ENABLE_OBJC_WEAK = YES;
				CLANG_WARN_BLOCK_CAPTURE_AUTORELEASING = YES;
				CLANG_WARN_BOOL_CONVERSION = YES;
				CLANG_WARN_COMMA = YES;
				CLANG_WARN_CONSTANT_CONVERSION = YES;
				CLANG_WARN_DEPRECATED_OBJC_IMPLEMENTATIONS = YES;
				CLANG_WARN_DIRECT_OBJC_ISA_USAGE = YES_ERROR;
				CLANG_WARN_DOCUMENTATION_COMMENTS = YES;
				CLANG_WARN_EMPTY_BODY = YES;
				CLANG_WARN_ENUM_CONVERSION = YES;
				CLANG_WARN_INFINITE_RECURSION = YES;
				CLANG_WARN_INT_CONVERSION = YES;
				CLANG_WARN_NON_LITERAL_NULL_CONVERSION = YES;
				CLANG_WARN_OBJC_IMPLICIT_RETAIN_SELF = YES;
				CLANG_WARN_OBJC_LITERAL_CONVERSION = YES;
				CLANG_WARN_OBJC_ROOT_CLASS = YES_ERROR;
				CLANG_WARN_QUOTED_INCLUDE_IN_FRAMEWORK_HEADER = YES;
				CLANG_WARN_RANGE_LOOP_ANALYSIS = YES;
				CLANG_WARN_STRICT_PROTOTYPES = YES;
				CLANG_WARN_SUSPICIOUS_MOVE = YES;
				CLANG_WARN_UNGUARDED_AVAILABILITY = YES_AGGRESSIVE;
				CLANG_WARN_UNREACHABLE_CODE = YES;
				CLANG_WARN__DUPLICATE_METHOD_MATCH = YES;
				COPY_PHASE_STRIP = NO;
				DEBUG_INFORMATION_FORMAT = dwarf;
				ENABLE_STRICT_OBJC_MSGSEND = YES;
				ENABLE_TESTABILITY = YES;
				GCC_C_LANGUAGE_STANDARD = gnu11;
				GCC_DYNAMIC_NO_PIC = NO;
				GCC_NO_COMMON_BLOCKS = YES;
				GCC_OPTIMIZATION_LEVEL = 0;
				GCC_PREPROCESSOR_DEFINITIONS = (
					"DEBUG=1",
					"$(inherited)",
				);
				GCC_WARN_64_TO_32_BIT_CONVERSION = YES;
				GCC_WARN_ABOUT_RETURN_TYPE = YES_ERROR;
				GCC_WARN_UNDECLARED_SELECTOR = YES;
				GCC_WARN_UNINITIALIZED_AUTOS = YES_AGGRESSIVE;
				GCC_WARN_UNUSED_FUNCTION = YES;
				GCC_WARN_UNUSED_VARIABLE = YES;
				IPHONEOS_DEPLOYMENT_TARGET = 15.0;
				MTL_ENABLE_DEBUG_INFO = INCLUDE_SOURCE;
				MTL_FAST_MATH = YES;
				ONLY_ACTIVE_ARCH = YES;
				SDKROOT = iphoneos;
				SWIFT_ACTIVE_COMPILATION_CONDITIONS = DEBUG;
				SWIFT_OPTIMIZATION_LEVEL = "-Onone";
			};
			name = Debug;
		};
		24B02832271F071A00B0B1BC /* Release */ = {
			isa = XCBuildConfiguration;
			buildSettings = {
				ALWAYS_SEARCH_USER_PATHS = NO;
				CLANG_ANALYZER_NONNULL = YES;
				CLANG_ANALYZER_NUMBER_OBJECT_CONVERSION = YES_AGGRESSIVE;
				CLANG_CXX_LANGUAGE_STANDARD = "gnu++17";
				CLANG_CXX_LIBRARY = "libc++";
				CLANG_ENABLE_MODULES = YES;
				CLANG_ENABLE_OBJC_ARC = YES;
				CLANG_ENABLE_OBJC_WEAK = YES;
				CLANG_WARN_BLOCK_CAPTURE_AUTORELEASING = YES;
				CLANG_WARN_BOOL_CONVERSION = YES;
				CLANG_WARN_COMMA = YES;
				CLANG_WARN_CONSTANT_CONVERSION = YES;
				CLANG_WARN_DEPRECATED_OBJC_IMPLEMENTATIONS = YES;
				CLANG_WARN_DIRECT_OBJC_ISA_USAGE = YES_ERROR;
				CLANG_WARN_DOCUMENTATION_COMMENTS = YES;
				CLANG_WARN_EMPTY_BODY = YES;
				CLANG_WARN_ENUM_CONVERSION = YES;
				CLANG_WARN_INFINITE_RECURSION = YES;
				CLANG_WARN_INT_CONVERSION = YES;
				CLANG_WARN_NON_LITERAL_NULL_CONVERSION = YES;
				CLANG_WARN_OBJC_IMPLICIT_RETAIN_SELF = YES;
				CLANG_WARN_OBJC_LITERAL_CONVERSION = YES;
				CLANG_WARN_OBJC_ROOT_CLASS = YES_ERROR;
				CLANG_WARN_QUOTED_INCLUDE_IN_FRAMEWORK_HEADER = YES;
				CLANG_WARN_RANGE_LOOP_ANALYSIS = YES;
				CLANG_WARN_STRICT_PROTOTYPES = YES;
				CLANG_WARN_SUSPICIOUS_MOVE = YES;
				CLANG_WARN_UNGUARDED_AVAILABILITY = YES_AGGRESSIVE;
				CLANG_WARN_UNREACHABLE_CODE = YES;
				CLANG_WARN__DUPLICATE_METHOD_MATCH = YES;
				COPY_PHASE_STRIP = NO;
				DEBUG_INFORMATION_FORMAT = "dwarf-with-dsym";
				ENABLE_NS_ASSERTIONS = NO;
				ENABLE_STRICT_OBJC_MSGSEND = YES;
				GCC_C_LANGUAGE_STANDARD = gnu11;
				GCC_NO_COMMON_BLOCKS = YES;
				GCC_WARN_64_TO_32_BIT_CONVERSION = YES;
				GCC_WARN_ABOUT_RETURN_TYPE = YES_ERROR;
				GCC_WARN_UNDECLARED_SELECTOR = YES;
				GCC_WARN_UNINITIALIZED_AUTOS = YES_AGGRESSIVE;
				GCC_WARN_UNUSED_FUNCTION = YES;
				GCC_WARN_UNUSED_VARIABLE = YES;
				IPHONEOS_DEPLOYMENT_TARGET = 15.0;
				MTL_ENABLE_DEBUG_INFO = NO;
				MTL_FAST_MATH = YES;
				SDKROOT = iphoneos;
				SWIFT_COMPILATION_MODE = wholemodule;
				SWIFT_OPTIMIZATION_LEVEL = "-O";
				VALIDATE_PRODUCT = YES;
			};
			name = Release;
		};
		24B02834271F071A00B0B1BC /* Debug */ = {
			isa = XCBuildConfiguration;
			buildSettings = {
				ASSETCATALOG_COMPILER_APPICON_NAME = AppIcon;
				ASSETCATALOG_COMPILER_GLOBAL_ACCENT_COLOR_NAME = AccentColor;
				CODE_SIGN_STYLE = Automatic;
				CURRENT_PROJECT_VERSION = 1;
				DEVELOPMENT_ASSET_PATHS = "\"InfoMatch/Preview Content\"";
				DEVELOPMENT_TEAM = 243KAJ72F6;
				ENABLE_PREVIEWS = YES;
				GENERATE_INFOPLIST_FILE = YES;
				INFOPLIST_KEY_UIApplicationSceneManifest_Generation = YES;
				INFOPLIST_KEY_UIApplicationSupportsIndirectInputEvents = YES;
				INFOPLIST_KEY_UILaunchScreen_Generation = YES;
				INFOPLIST_KEY_UISupportedInterfaceOrientations_iPad = "UIInterfaceOrientationPortrait UIInterfaceOrientationPortraitUpsideDown UIInterfaceOrientationLandscapeLeft UIInterfaceOrientationLandscapeRight";
				INFOPLIST_KEY_UISupportedInterfaceOrientations_iPhone = "UIInterfaceOrientationPortrait UIInterfaceOrientationLandscapeLeft UIInterfaceOrientationLandscapeRight";
				IPHONEOS_DEPLOYMENT_TARGET = 14.0;
				LD_RUNPATH_SEARCH_PATHS = (
					"$(inherited)",
					"@executable_path/Frameworks",
				);
				MARKETING_VERSION = 1.0;
				PRODUCT_BUNDLE_IDENTIFIER = com.fernandolobo.InfoMatch;
				PRODUCT_NAME = "$(TARGET_NAME)";
				SWIFT_EMIT_LOC_STRINGS = YES;
				SWIFT_VERSION = 5.0;
				TARGETED_DEVICE_FAMILY = "1,2";
			};
			name = Debug;
		};
		24B02835271F071A00B0B1BC /* Release */ = {
			isa = XCBuildConfiguration;
			buildSettings = {
				ASSETCATALOG_COMPILER_APPICON_NAME = AppIcon;
				ASSETCATALOG_COMPILER_GLOBAL_ACCENT_COLOR_NAME = AccentColor;
				CODE_SIGN_STYLE = Automatic;
				CURRENT_PROJECT_VERSION = 1;
				DEVELOPMENT_ASSET_PATHS = "\"InfoMatch/Preview Content\"";
				DEVELOPMENT_TEAM = 243KAJ72F6;
				ENABLE_PREVIEWS = YES;
				GENERATE_INFOPLIST_FILE = YES;
				INFOPLIST_KEY_UIApplicationSceneManifest_Generation = YES;
				INFOPLIST_KEY_UIApplicationSupportsIndirectInputEvents = YES;
				INFOPLIST_KEY_UILaunchScreen_Generation = YES;
				INFOPLIST_KEY_UISupportedInterfaceOrientations_iPad = "UIInterfaceOrientationPortrait UIInterfaceOrientationPortraitUpsideDown UIInterfaceOrientationLandscapeLeft UIInterfaceOrientationLandscapeRight";
				INFOPLIST_KEY_UISupportedInterfaceOrientations_iPhone = "UIInterfaceOrientationPortrait UIInterfaceOrientationLandscapeLeft UIInterfaceOrientationLandscapeRight";
				IPHONEOS_DEPLOYMENT_TARGET = 14.0;
				LD_RUNPATH_SEARCH_PATHS = (
					"$(inherited)",
					"@executable_path/Frameworks",
				);
				MARKETING_VERSION = 1.0;
				PRODUCT_BUNDLE_IDENTIFIER = com.fernandolobo.InfoMatch;
				PRODUCT_NAME = "$(TARGET_NAME)";
				SWIFT_EMIT_LOC_STRINGS = YES;
				SWIFT_VERSION = 5.0;
				TARGETED_DEVICE_FAMILY = "1,2";
			};
			name = Release;
		};
/* End XCBuildConfiguration section */

/* Begin XCConfigurationList section */
		24B02820271F071700B0B1BC /* Build configuration list for PBXProject "InfoMatch" */ = {
			isa = XCConfigurationList;
			buildConfigurations = (
				24B02831271F071A00B0B1BC /* Debug */,
				24B02832271F071A00B0B1BC /* Release */,
			);
			defaultConfigurationIsVisible = 0;
			defaultConfigurationName = Release;
		};
		24B02833271F071A00B0B1BC /* Build configuration list for PBXNativeTarget "InfoMatch" */ = {
			isa = XCConfigurationList;
			buildConfigurations = (
				24B02834271F071A00B0B1BC /* Debug */,
				24B02835271F071A00B0B1BC /* Release */,
			);
			defaultConfigurationIsVisible = 0;
			defaultConfigurationName = Release;
		};
/* End XCConfigurationList section */
	};
	rootObject = 24B0281D271F071700B0B1BC /* Project object */;
}
